Microsoft Visual Studio Solution File, Format Version 12.00
# Visual Studio Version 17
VisualStudioVersion = 17.5.2.0
MinimumVisualStudioVersion = 10.0.40219.1
Project("{FAE04EC0-301F-11D3-BF4B-00C04F79EFBC}") = "MediaIntegrityChecker", "MediaIntegrityChecker.csproj", "{4A905DCD-8F92-FA82-A886-23579EE7EA19}"
EndProject
Global
	GlobalSection(SolutionConfigurationPlatforms) = preSolution
		Debug|Any CPU = Debug|Any CPU
		Release|Any CPU = Release|Any CPU
	EndGlobalSection
	GlobalSection(ProjectConfigurationPlatforms) = postSolution
		{4A905DCD-8F92-FA82-A886-23579EE7EA19}.Debug|Any CPU.ActiveCfg = Debug|Any CPU
		{4A905DCD-8F92-FA82-A886-23579EE7EA19}.Debug|Any CPU.Build.0 = Debug|Any CPU
		{4A905DCD-8F92-FA82-A886-23579EE7EA19}.Release|Any CPU.ActiveCfg = Release|Any CPU
		{4A905DCD-8F92-FA82-A886-23579EE7EA19}.Release|Any CPU.Build.0 = Release|Any CPU
	EndGlobalSection
	GlobalSection(SolutionProperties) = preSolution
		HideSolutionNode = FALSE
	EndGlobalSection
	GlobalSection(ExtensibilityGlobals) = postSolution
		SolutionGuid = {B47B6290-8B16-4CF1-8624-C245E2F7E868}
	EndGlobalSection
EndGlobal
